
Microsoft Visual Studio Solution File, Format Version 12.00
Project("{2150E333-8FDC-42A3-9474-1A3956D46DE8}") = "Tests", "Tests", "{2342CCFE-44F6-4C3F-9537-6EC5D54ADCB3}"
EndProject
Project("{2150E333-8FDC-42A3-9474-1A3956D46DE8}") = "Lab1", "Lab1", "{C9F7516B-2596-4365-B454-FF1527E0FE4C}"
EndProject
Project("{FAE04EC0-301F-11D3-BF4B-00C04F79EFBC}") = "Task1.3_FindText", "Task1.3_FindText\Task1.3_FindText.csproj", "{012B97FB-E65F-4A88-9A47-EA98FE8441EA}"
EndProject
Project("{FAE04EC0-301F-11D3-BF4B-00C04F79EFBC}") = "Task1.3_FindText.Tests", "Task1.3_FindText.Tests\Task1.3_FindText.Tests.csproj", "{2A50BD6F-6778-4008-B171-4A0EC978DCFD}"
EndProject
Project("{2150E333-8FDC-42A3-9474-1A3956D46DE8}") = "Lab1", "Lab1", "{09DDE847-3FFA-43B6-BDE1-B9A44E956F77}"
EndProject
Project("{FAE04EC0-301F-11D3-BF4B-00C04F79EFBC}") = "Task2.6_Radix", "Task2.6_Radix\Task2.6_Radix.csproj", "{5C5D0CB0-5029-4DDD-ACD4-3B7172A07134}"
EndProject
Project("{FAE04EC0-301F-11D3-BF4B-00C04F79EFBC}") = "Task3.2_InvertMatrix", "Task3.2_InvertMatrix\Task3.2_InvertMatrix.csproj", "{75EA16C8-48E9-4B10-AAFF-0B6D37E08A9F}"
EndProject
Project("{FAE04EC0-301F-11D3-BF4B-00C04F79EFBC}") = "Task2.6_Radix.Tests", "Task2.6_Radix.Tests\Task2.6_Radix.Tests.csproj", "{A2B8B0D4-AD01-44C9-A09E-56A0EBE2DFF7}"
EndProject
Project("{FAE04EC0-301F-11D3-BF4B-00C04F79EFBC}") = "Task5.2_Labyrinth", "Task5.2_Labyrinth\Task5.2_Labyrinth.csproj", "{A39589E6-9478-4CD4-ABCB-C0DCB91FB977}"
EndProject
Project("{2150E333-8FDC-42A3-9474-1A3956D46DE8}") = "Lab2", "Lab2", "{1F29C454-6222-4E52-8260-701A89215B20}"
EndProject
Project("{FAE04EC0-301F-11D3-BF4B-00C04F79EFBC}") = "Task1.8", "Task1.8\Task1.8.csproj", "{803B94FF-B5BB-4E20-B1F1-D63B108A5D97}"
EndProject
Project("{FAE04EC0-301F-11D3-BF4B-00C04F79EFBC}") = "Task2.5_HtmlDecode", "Task2.5_HtmlDecode\Task2.5_HtmlDecode.csproj", "{651BE20E-2CD6-458F-BD1C-F51402074167}"
EndProject
Project("{FAE04EC0-301F-11D3-BF4B-00C04F79EFBC}") = "Task3.2_Dictionary", "Task3.2_Dictionary\Task3.2_Dictionary.csproj", "{BB576F7B-5D91-4FF3-AE1E-0DBD72289DDF}"
EndProject
Project("{2150E333-8FDC-42A3-9474-1A3956D46DE8}") = "Lab2", "Lab2", "{345C790E-D1C0-4B51-88A4-B6B73509B41F}"
EndProject
Project("{FAE04EC0-301F-11D3-BF4B-00C04F79EFBC}") = "Task1.8.Tests", "Task1.8.Tests\Task1.8.Tests.csproj", "{03EB3AC1-3326-47BF-8731-F2B4E8BCE3A0}"
EndProject
Project("{FAE04EC0-301F-11D3-BF4B-00C04F79EFBC}") = "Tas2.5_HtmlDecoder.Tests", "Tas2.5_HtmlDecoder.Tests\Tas2.5_HtmlDecoder.Tests.csproj", "{48932DE5-A37F-4588-A150-0B15D18AF5D6}"
EndProject
Project("{FAE04EC0-301F-11D3-BF4B-00C04F79EFBC}") = "Task3.2_Dictionary.Tests", "Task3.2_Dictionary.Tests\Task3.2_Dictionary.Tests.csproj", "{01B61FE1-F638-41C6-83A8-7F8F0F5375F0}"
EndProject
Global
	GlobalSection(SolutionConfigurationPlatforms) = preSolution
		Debug|Any CPU = Debug|Any CPU
		Release|Any CPU = Release|Any CPU
	EndGlobalSection
	GlobalSection(ProjectConfigurationPlatforms) = postSolution
		{012B97FB-E65F-4A88-9A47-EA98FE8441EA}.Debug|Any CPU.ActiveCfg = Debug|Any CPU
		{012B97FB-E65F-4A88-9A47-EA98FE8441EA}.Debug|Any CPU.Build.0 = Debug|Any CPU
		{012B97FB-E65F-4A88-9A47-EA98FE8441EA}.Debug|Any CPU.Deploy.0 = Debug|Any CPU
		{2A50BD6F-6778-4008-B171-4A0EC978DCFD}.Debug|Any CPU.ActiveCfg = Debug|Any CPU
		{2A50BD6F-6778-4008-B171-4A0EC978DCFD}.Debug|Any CPU.Build.0 = Debug|Any CPU
		{2A50BD6F-6778-4008-B171-4A0EC978DCFD}.Release|Any CPU.ActiveCfg = Release|Any CPU
		{2A50BD6F-6778-4008-B171-4A0EC978DCFD}.Release|Any CPU.Build.0 = Release|Any CPU
		{5C5D0CB0-5029-4DDD-ACD4-3B7172A07134}.Debug|Any CPU.ActiveCfg = Debug|Any CPU
		{5C5D0CB0-5029-4DDD-ACD4-3B7172A07134}.Debug|Any CPU.Build.0 = Debug|Any CPU
		{5C5D0CB0-5029-4DDD-ACD4-3B7172A07134}.Release|Any CPU.ActiveCfg = Release|Any CPU
		{5C5D0CB0-5029-4DDD-ACD4-3B7172A07134}.Release|Any CPU.Build.0 = Release|Any CPU
		{75EA16C8-48E9-4B10-AAFF-0B6D37E08A9F}.Debug|Any CPU.ActiveCfg = Debug|Any CPU
		{75EA16C8-48E9-4B10-AAFF-0B6D37E08A9F}.Debug|Any CPU.Build.0 = Debug|Any CPU
		{75EA16C8-48E9-4B10-AAFF-0B6D37E08A9F}.Release|Any CPU.ActiveCfg = Release|Any CPU
		{75EA16C8-48E9-4B10-AAFF-0B6D37E08A9F}.Release|Any CPU.Build.0 = Release|Any CPU
		{A2B8B0D4-AD01-44C9-A09E-56A0EBE2DFF7}.Debug|Any CPU.ActiveCfg = Debug|Any CPU
		{A2B8B0D4-AD01-44C9-A09E-56A0EBE2DFF7}.Debug|Any CPU.Build.0 = Debug|Any CPU
		{A2B8B0D4-AD01-44C9-A09E-56A0EBE2DFF7}.Release|Any CPU.ActiveCfg = Release|Any CPU
		{A2B8B0D4-AD01-44C9-A09E-56A0EBE2DFF7}.Release|Any CPU.Build.0 = Release|Any CPU
		{A39589E6-9478-4CD4-ABCB-C0DCB91FB977}.Debug|Any CPU.ActiveCfg = Debug|Any CPU
		{A39589E6-9478-4CD4-ABCB-C0DCB91FB977}.Debug|Any CPU.Build.0 = Debug|Any CPU
		{A39589E6-9478-4CD4-ABCB-C0DCB91FB977}.Release|Any CPU.ActiveCfg = Release|Any CPU
		{A39589E6-9478-4CD4-ABCB-C0DCB91FB977}.Release|Any CPU.Build.0 = Release|Any CPU
		{803B94FF-B5BB-4E20-B1F1-D63B108A5D97}.Debug|Any CPU.ActiveCfg = Debug|Any CPU
		{803B94FF-B5BB-4E20-B1F1-D63B108A5D97}.Debug|Any CPU.Build.0 = Debug|Any CPU
		{803B94FF-B5BB-4E20-B1F1-D63B108A5D97}.Release|Any CPU.ActiveCfg = Release|Any CPU
		{803B94FF-B5BB-4E20-B1F1-D63B108A5D97}.Release|Any CPU.Build.0 = Release|Any CPU
		{651BE20E-2CD6-458F-BD1C-F51402074167}.Debug|Any CPU.ActiveCfg = Debug|Any CPU
		{651BE20E-2CD6-458F-BD1C-F51402074167}.Debug|Any CPU.Build.0 = Debug|Any CPU
		{651BE20E-2CD6-458F-BD1C-F51402074167}.Release|Any CPU.ActiveCfg = Release|Any CPU
		{651BE20E-2CD6-458F-BD1C-F51402074167}.Release|Any CPU.Build.0 = Release|Any CPU
		{BB576F7B-5D91-4FF3-AE1E-0DBD72289DDF}.Debug|Any CPU.ActiveCfg = Debug|Any CPU
		{BB576F7B-5D91-4FF3-AE1E-0DBD72289DDF}.Debug|Any CPU.Build.0 = Debug|Any CPU
		{BB576F7B-5D91-4FF3-AE1E-0DBD72289DDF}.Release|Any CPU.ActiveCfg = Release|Any CPU
		{BB576F7B-5D91-4FF3-AE1E-0DBD72289DDF}.Release|Any CPU.Build.0 = Release|Any CPU
		{03EB3AC1-3326-47BF-8731-F2B4E8BCE3A0}.Debug|Any CPU.ActiveCfg = Debug|Any CPU
		{03EB3AC1-3326-47BF-8731-F2B4E8BCE3A0}.Debug|Any CPU.Build.0 = Debug|Any CPU
		{03EB3AC1-3326-47BF-8731-F2B4E8BCE3A0}.Release|Any CPU.ActiveCfg = Release|Any CPU
		{03EB3AC1-3326-47BF-8731-F2B4E8BCE3A0}.Release|Any CPU.Build.0 = Release|Any CPU
		{48932DE5-A37F-4588-A150-0B15D18AF5D6}.Debug|Any CPU.ActiveCfg = Debug|Any CPU
		{48932DE5-A37F-4588-A150-0B15D18AF5D6}.Debug|Any CPU.Build.0 = Debug|Any CPU
		{48932DE5-A37F-4588-A150-0B15D18AF5D6}.Release|Any CPU.ActiveCfg = Release|Any CPU
		{48932DE5-A37F-4588-A150-0B15D18AF5D6}.Release|Any CPU.Build.0 = Release|Any CPU
		{01B61FE1-F638-41C6-83A8-7F8F0F5375F0}.Debug|Any CPU.ActiveCfg = Debug|Any CPU
		{01B61FE1-F638-41C6-83A8-7F8F0F5375F0}.Debug|Any CPU.Build.0 = Debug|Any CPU
		{01B61FE1-F638-41C6-83A8-7F8F0F5375F0}.Release|Any CPU.ActiveCfg = Release|Any CPU
		{01B61FE1-F638-41C6-83A8-7F8F0F5375F0}.Release|Any CPU.Build.0 = Release|Any CPU
	EndGlobalSection
	GlobalSection(NestedProjects) = preSolution
		{012B97FB-E65F-4A88-9A47-EA98FE8441EA} = {C9F7516B-2596-4365-B454-FF1527E0FE4C}
		{09DDE847-3FFA-43B6-BDE1-B9A44E956F77} = {2342CCFE-44F6-4C3F-9537-6EC5D54ADCB3}
		{2A50BD6F-6778-4008-B171-4A0EC978DCFD} = {09DDE847-3FFA-43B6-BDE1-B9A44E956F77}
		{5C5D0CB0-5029-4DDD-ACD4-3B7172A07134} = {C9F7516B-2596-4365-B454-FF1527E0FE4C}
		{75EA16C8-48E9-4B10-AAFF-0B6D37E08A9F} = {C9F7516B-2596-4365-B454-FF1527E0FE4C}
		{A2B8B0D4-AD01-44C9-A09E-56A0EBE2DFF7} = {09DDE847-3FFA-43B6-BDE1-B9A44E956F77}
		{A39589E6-9478-4CD4-ABCB-C0DCB91FB977} = {C9F7516B-2596-4365-B454-FF1527E0FE4C}
		{803B94FF-B5BB-4E20-B1F1-D63B108A5D97} = {1F29C454-6222-4E52-8260-701A89215B20}
		{651BE20E-2CD6-458F-BD1C-F51402074167} = {1F29C454-6222-4E52-8260-701A89215B20}
		{BB576F7B-5D91-4FF3-AE1E-0DBD72289DDF} = {1F29C454-6222-4E52-8260-701A89215B20}
		{345C790E-D1C0-4B51-88A4-B6B73509B41F} = {2342CCFE-44F6-4C3F-9537-6EC5D54ADCB3}
		{03EB3AC1-3326-47BF-8731-F2B4E8BCE3A0} = {345C790E-D1C0-4B51-88A4-B6B73509B41F}
		{48932DE5-A37F-4588-A150-0B15D18AF5D6} = {345C790E-D1C0-4B51-88A4-B6B73509B41F}
		{01B61FE1-F638-41C6-83A8-7F8F0F5375F0} = {345C790E-D1C0-4B51-88A4-B6B73509B41F}
	EndGlobalSection
EndGlobal
